// !$*UTF8*$!
{
	archiveVersion = 1;
	classes = {
	};
	objectVersion = 46;
	objects = {

/* Begin PBXBuildFile section */
		14EE5E241B1E68910053702F /* RCTLocationServices.h in CopyFiles */ = {isa = PBXBuildFile; fileRef = 14EE5E231B1E68910053702F /* RCTLocationServices.h */; };
		14EE5E261B1E68910053702F /* RCTLocationServices.m in Sources */ = {isa = PBXBuildFile; fileRef = 14EE5E251B1E68910053702F /* RCTLocationServices.m */; };
		14EE5E2C1B1E68920053702F /* libRCTLocationServices.a in Frameworks */ = {isa = PBXBuildFile; fileRef = 14EE5E201B1E68910053702F /* libRCTLocationServices.a */; };
/* End PBXBuildFile section */

/* Begin PBXContainerItemProxy section */
		14EE5E2D1B1E68920053702F /* PBXContainerItemProxy */ = {
			isa = PBXContainerItemProxy;
			containerPortal = 14EE5E181B1E68910053702F /* Project object */;
			proxyType = 1;
			remoteGlobalIDString = 14EE5E1F1B1E68910053702F;
			remoteInfo = RCTLocationServices;
		};
/* End PBXContainerItemProxy section */

/* Begin PBXCopyFilesBuildPhase section */
		14EE5E1E1B1E68910053702F /* CopyFiles */ = {
			isa = PBXCopyFilesBuildPhase;
			buildActionMask = 2147483647;
			dstPath = "include/$(PRODUCT_NAME)";
			dstSubfolderSpec = 16;
			files = (
				14EE5E241B1E68910053702F /* RCTLocationServices.h in CopyFiles */,
			);
			runOnlyForDeploymentPostprocessing = 0;
		};
/* End PBXCopyFilesBuildPhase section */

/* Begin PBXFileReference section */
		14EE5E201B1E68910053702F /* libRCTLocationServices.a */ = {isa = PBXFileReference; explicitFileType = archive.ar; includeInIndex = 0; path = libRCTLocationServices.a; sourceTree = BUILT_PRODUCTS_DIR; };
		14EE5E231B1E68910053702F /* RCTLocationServices.h */ = {isa = PBXFileReference; lastKnownFileType = sourcecode.c.h; name = RCTLocationServices.h; path = RCTLocationServices/RCTLocationServices.h; sourceTree = "<group>"; };
		14EE5E251B1E68910053702F /* RCTLocationServices.m */ = {isa = PBXFileReference; indentWidth = 3; lastKnownFileType = sourcecode.c.objc; name = RCTLocationServices.m; path = RCTLocationServices/RCTLocationServices.m; sourceTree = "<group>"; };
		14EE5E2B1B1E68920053702F /* RCTLocationServicesTests.xctest */ = {isa = PBXFileReference; explicitFileType = wrapper.cfbundle; includeInIndex = 0; path = RCTLocationServicesTests.xctest; sourceTree = BUILT_PRODUCTS_DIR; };
		14EE5E311B1E68920053702F /* Info.plist */ = {isa = PBXFileReference; lastKnownFileType = text.plist.xml; path = Info.plist; sourceTree = "<group>"; };
/* End PBXFileReference section */

/* Begin PBXFrameworksBuildPhase section */
		14EE5E1D1B1E68910053702F /* Frameworks */ = {
			isa = PBXFrameworksBuildPhase;
			buildActionMask = 2147483647;
			files = (
			);
			runOnlyForDeploymentPostprocessing = 0;
		};
		14EE5E281B1E68920053702F /* Frameworks */ = {
			isa = PBXFrameworksBuildPhase;
			buildActionMask = 2147483647;
			files = (
				14EE5E2C1B1E68920053702F /* libRCTLocationServices.a in Frameworks */,
			);
			runOnlyForDeploymentPostprocessing = 0;
		};
/* End PBXFrameworksBuildPhase section */

/* Begin PBXGroup section */
		14EE5E171B1E68910053702F = {
			isa = PBXGroup;
			children = (
				14EE5E231B1E68910053702F /* RCTLocationServices.h */,
				14EE5E251B1E68910053702F /* RCTLocationServices.m */,
				14EE5E2F1B1E68920053702F /* RCTLocationServicesTests */,
				14EE5E211B1E68910053702F /* Products */,
			);
			sourceTree = "<group>";
		};
		14EE5E211B1E68910053702F /* Products */ = {
			isa = PBXGroup;
			children = (
				14EE5E201B1E68910053702F /* libRCTLocationServices.a */,
				14EE5E2B1B1E68920053702F /* RCTLocationServicesTests.xctest */,
			);
			name = Products;
			sourceTree = "<group>";
		};
		14EE5E2F1B1E68920053702F /* RCTLocationServicesTests */ = {
			isa = PBXGroup;
			children = (
				14EE5E301B1E68920053702F /* Supporting Files */,
			);
			path = RCTLocationServicesTests;
			sourceTree = "<group>";
		};
		14EE5E301B1E68920053702F /* Supporting Files */ = {
			isa = PBXGroup;
			children = (
				14EE5E311B1E68920053702F /* Info.plist */,
			);
			name = "Supporting Files";
			sourceTree = "<group>";
		};
/* End PBXGroup section */

/* Begin PBXNativeTarget section */
		14EE5E1F1B1E68910053702F /* RCTLocationServices */ = {
			isa = PBXNativeTarget;
			buildConfigurationList = 14EE5E341B1E68920053702F /* Build configuration list for PBXNativeTarget "RCTLocationServices" */;
			buildPhases = (
				14EE5E1C1B1E68910053702F /* Sources */,
				14EE5E1D1B1E68910053702F /* Frameworks */,
				14EE5E1E1B1E68910053702F /* CopyFiles */,
			);
			buildRules = (
			);
			dependencies = (
			);
			name = RCTLocationServices;
			productName = RCTLocationServices;
			productReference = 14EE5E201B1E68910053702F /* libRCTLocationServices.a */;
			productType = "com.apple.product-type.library.static";
		};
		14EE5E2A1B1E68920053702F /* RCTLocationServicesTests */ = {
			isa = PBXNativeTarget;
			buildConfigurationList = 14EE5E371B1E68920053702F /* Build configuration list for PBXNativeTarget "RCTLocationServicesTests" */;
			buildPhases = (
				14EE5E271B1E68920053702F /* Sources */,
				14EE5E281B1E68920053702F /* Frameworks */,
				14EE5E291B1E68920053702F /* Resources */,
			);
			buildRules = (
			);
			dependencies = (
				14EE5E2E1B1E68920053702F /* PBXTargetDependency */,
			);
			name = RCTLocationServicesTests;
			productName = RCTLocationServicesTests;
			productReference = 14EE5E2B1B1E68920053702F /* RCTLocationServicesTests.xctest */;
			productType = "com.apple.product-type.bundle.unit-test";
		};
/* End PBXNativeTarget section */

/* Begin PBXProject section */
		14EE5E181B1E68910053702F /* Project object */ = {
			isa = PBXProject;
			attributes = {
				LastUpgradeCheck = 0630;
				ORGANIZATIONNAME = rt2zz;
				TargetAttributes = {
					14EE5E1F1B1E68910053702F = {
						CreatedOnToolsVersion = 6.3.1;
					};
					14EE5E2A1B1E68920053702F = {
						CreatedOnToolsVersion = 6.3.1;
					};
				};
			};
			buildConfigurationList = 14EE5E1B1B1E68910053702F /* Build configuration list for PBXProject "RCTLocationServices" */;
			compatibilityVersion = "Xcode 3.2";
			developmentRegion = English;
			hasScannedForEncodings = 0;
			knownRegions = (
				en,
			);
			mainGroup = 14EE5E171B1E68910053702F;
			productRefGroup = 14EE5E211B1E68910053702F /* Products */;
			projectDirPath = "";
			projectRoot = "";
			targets = (
				14EE5E1F1B1E68910053702F /* RCTLocationServices */,
				14EE5E2A1B1E68920053702F /* RCTLocationServicesTests */,
			);
		};
/* End PBXProject section */

/* Begin PBXResourcesBuildPhase section */
		14EE5E291B1E68920053702F /* Resources */ = {
			isa = PBXResourcesBuildPhase;
			buildActionMask = 2147483647;
			files = (
			);
			runOnlyForDeploymentPostprocessing = 0;
		};
/* End PBXResourcesBuildPhase section */

/* Begin PBXSourcesBuildPhase section */
		14EE5E1C1B1E68910053702F /* Sources */ = {
			isa = PBXSourcesBuildPhase;
			buildActionMask = 2147483647;
			files = (
				14EE5E261B1E68910053702F /* RCTLocationServices.m in Sources */,
			);
			runOnlyForDeploymentPostprocessing = 0;
		};
		14EE5E271B1E68920053702F /* Sources */ = {
			isa = PBXSourcesBuildPhase;
			buildActionMask = 2147483647;
			files = (
			);
			runOnlyForDeploymentPostprocessing = 0;
		};
/* End PBXSourcesBuildPhase section */

/* Begin PBXTargetDependency section */
		14EE5E2E1B1E68920053702F /* PBXTargetDependency */ = {
			isa = PBXTargetDependency;
			target = 14EE5E1F1B1E68910053702F /* RCTLocationServices */;
			targetProxy = 14EE5E2D1B1E68920053702F /* PBXContainerItemProxy */;
		};
/* End PBXTargetDependency section */

/* Begin XCBuildConfiguration section */
		14EE5E321B1E68920053702F /* Debug */ = {
			isa = XCBuildConfiguration;
			buildSettings = {
				ALWAYS_SEARCH_USER_PATHS = NO;
				CLANG_CXX_LANGUAGE_STANDARD = "gnu++0x";
				CLANG_CXX_LIBRARY = "libc++";
				CLANG_ENABLE_MODULES = YES;
				CLANG_ENABLE_OBJC_ARC = YES;
				CLANG_WARN_BOOL_CONVERSION = YES;
				CLANG_WARN_CONSTANT_CONVERSION = YES;
				CLANG_WARN_DIRECT_OBJC_ISA_USAGE = YES_ERROR;
				CLANG_WARN_EMPTY_BODY = YES;
				CLANG_WARN_ENUM_CONVERSION = YES;
				CLANG_WARN_INT_CONVERSION = YES;
				CLANG_WARN_OBJC_ROOT_CLASS = YES_ERROR;
				CLANG_WARN_UNREACHABLE_CODE = YES;
				CLANG_WARN__DUPLICATE_METHOD_MATCH = YES;
				COPY_PHASE_STRIP = NO;
				DEBUG_INFORMATION_FORMAT = "dwarf-with-dsym";
				ENABLE_STRICT_OBJC_MSGSEND = YES;
				GCC_C_LANGUAGE_STANDARD = gnu99;
				GCC_DYNAMIC_NO_PIC = NO;
				GCC_NO_COMMON_BLOCKS = YES;
				GCC_OPTIMIZATION_LEVEL = 0;
				GCC_PREPROCESSOR_DEFINITIONS = (
					"DEBUG=1",
					"$(inherited)",
				);
				GCC_SYMBOLS_PRIVATE_EXTERN = NO;
				GCC_WARN_64_TO_32_BIT_CONVERSION = YES;
				GCC_WARN_ABOUT_RETURN_TYPE = YES_ERROR;
				GCC_WARN_UNDECLARED_SELECTOR = YES;
				GCC_WARN_UNINITIALIZED_AUTOS = YES_AGGRESSIVE;
				GCC_WARN_UNUSED_FUNCTION = YES;
				GCC_WARN_UNUSED_VARIABLE = YES;
				IPHONEOS_DEPLOYMENT_TARGET = 8.3;
				MTL_ENABLE_DEBUG_INFO = YES;
				ONLY_ACTIVE_ARCH = YES;
				SDKROOT = iphoneos;
			};
			name = Debug;
		};
		14EE5E331B1E68920053702F /* Release */ = {
			isa = XCBuildConfiguration;
			buildSettings = {
				ALWAYS_SEARCH_USER_PATHS = NO;
				CLANG_CXX_LANGUAGE_STANDARD = "gnu++0x";
				CLANG_CXX_LIBRARY = "libc++";
				CLANG_ENABLE_MODULES = YES;
				CLANG_ENABLE_OBJC_ARC = YES;
				CLANG_WARN_BOOL_CONVERSION = YES;
				CLANG_WARN_CONSTANT_CONVERSION = YES;
				CLANG_WARN_DIRECT_OBJC_ISA_USAGE = YES_ERROR;
				CLANG_WARN_EMPTY_BODY = YES;
				CLANG_WARN_ENUM_CONVERSION = YES;
				CLANG_WARN_INT_CONVERSION = YES;
				CLANG_WARN_OBJC_ROOT_CLASS = YES_ERROR;
				CLANG_WARN_UNREACHABLE_CODE = YES;
				CLANG_WARN__DUPLICATE_METHOD_MATCH = YES;
				COPY_PHASE_STRIP = NO;
				DEBUG_INFORMATION_FORMAT = "dwarf-with-dsym";
				ENABLE_NS_ASSERTIONS = NO;
				ENABLE_STRICT_OBJC_MSGSEND = YES;
				GCC_C_LANGUAGE_STANDARD = gnu99;
				GCC_NO_COMMON_BLOCKS = YES;
				GCC_WARN_64_TO_32_BIT_CONVERSION = YES;
				GCC_WARN_ABOUT_RETURN_TYPE = YES_ERROR;
				GCC_WARN_UNDECLARED_SELECTOR = YES;
				GCC_WARN_UNINITIALIZED_AUTOS = YES_AGGRESSIVE;
				GCC_WARN_UNUSED_FUNCTION = YES;
				GCC_WARN_UNUSED_VARIABLE = YES;
				IPHONEOS_DEPLOYMENT_TARGET = 8.3;
				MTL_ENABLE_DEBUG_INFO = NO;
				SDKROOT = iphoneos;
				VALIDATE_PRODUCT = YES;
			};
			name = Release;
		};
		14EE5E351B1E68920053702F /* Debug */ = {
			isa = XCBuildConfiguration;
			buildSettings = {
				HEADER_SEARCH_PATHS = (
					"$(inherited)",
					/Applications/Xcode.app/Contents/Developer/Toolchains/XcodeDefault.xctoolchain/usr/include,
					"$(SRCROOT)/../../React/**",
					"$(SRCROOT)/../react-native/React/**",
				);
				OTHER_LDFLAGS = "-ObjC";
				PRODUCT_NAME = "$(TARGET_NAME)";
				SKIP_INSTALL = YES;
			};
			name = Debug;
		};
		14EE5E361B1E68920053702F /* Release */ = {
			isa = XCBuildConfiguration;
			buildSettings = {
				HEADER_SEARCH_PATHS = (
					"$(inherited)",
					/Applications/Xcode.app/Contents/Developer/Toolchains/XcodeDefault.xctoolchain/usr/include,
					"$(SRCROOT)/../../React/**",
					"$(SRCROOT)/../react-native/React/**",
				);
				OTHER_LDFLAGS = "-ObjC";
				PRODUCT_NAME = "$(TARGET_NAME)";
				SKIP_INSTALL = YES;
			};
			name = Release;
		};
		14EE5E381B1E68920053702F /* Debug */ = {
			isa = XCBuildConfiguration;
			buildSettings = {
				"CODE_SIGN_IDENTITY[sdk=iphoneos*]" = "iPhone Developer";
				FRAMEWORK_SEARCH_PATHS = (
					"$(SDKROOT)/Developer/Library/Frameworks",
					"$(inherited)",
				);
				GCC_PREPROCESSOR_DEFINITIONS = (
					"DEBUG=1",
					"$(inherited)",
				);
				INFOPLIST_FILE = RCTLocationServicesTests/Info.plist;
				LD_RUNPATH_SEARCH_PATHS = "$(inherited) @executable_path/Frameworks @loader_path/Frameworks";
				PRODUCT_NAME = "$(TARGET_NAME)";
			};
			name = Debug;
		};
		14EE5E391B1E68920053702F /* Release */ = {
			isa = XCBuildConfiguration;
			buildSettings = {
				"CODE_SIGN_IDENTITY[sdk=iphoneos*]" = "iPhone Developer";
				FRAMEWORK_SEARCH_PATHS = (
					"$(SDKROOT)/Developer/Library/Frameworks",
					"$(inherited)",
				);
				INFOPLIST_FILE = RCTLocationServicesTests/Info.plist;
				LD_RUNPATH_SEARCH_PATHS = "$(inherited) @executable_path/Frameworks @loader_path/Frameworks";
				PRODUCT_NAME = "$(TARGET_NAME)";
			};
			name = Release;
		};
/* End XCBuildConfiguration section */

/* Begin XCConfigurationList section */
		14EE5E1B1B1E68910053702F /* Build configuration list for PBXProject "RCTLocationServices" */ = {
			isa = XCConfigurationList;
			buildConfigurations = (
				14EE5E321B1E68920053702F /* Debug */,
				14EE5E331B1E68920053702F /* Release */,
			);
			defaultConfigurationIsVisible = 0;
			defaultConfigurationName = Release;
		};
		14EE5E341B1E68920053702F /* Build configuration list for PBXNativeTarget "RCTLocationServices" */ = {
			isa = XCConfigurationList;
			buildConfigurations = (
				14EE5E351B1E68920053702F /* Debug */,
				14EE5E361B1E68920053702F /* Release */,
			);
			defaultConfigurationIsVisible = 0;
			defaultConfigurationName = Release;
		};
		14EE5E371B1E68920053702F /* Build configuration list for PBXNativeTarget "RCTLocationServicesTests" */ = {
			isa = XCConfigurationList;
			buildConfigurations = (
				14EE5E381B1E68920053702F /* Debug */,
				14EE5E391B1E68920053702F /* Release */,
			);
			defaultConfigurationIsVisible = 0;
			defaultConfigurationName = Release;
		};
/* End XCConfigurationList section */
	};
	rootObject = 14EE5E181B1E68910053702F /* Project object */;
}
